# THIS IS AN AUTOGENERATED FILE. DO NOT EDIT THIS FILE DIRECTLY.
# yarn lockfile v1


"@types/node@^16.7.13":
  version "16.18.112"
  resolved "https://registry.yarnpkg.com/@types/node/-/node-16.18.112.tgz#efd468e4edd08404eed23b6aed6c2f35edfa9450"
  integrity sha512-EKrbKUGJROm17+dY/gMi31aJlGLJ75e1IkTojt9n6u+hnaTBDs+M1bIdOawpk2m6YUAXq/R2W0SxCng1tndHCg==

typescript@^5.6.2:
  version "5.6.2"
  resolved "https://registry.yarnpkg.com/typescript/-/typescript-5.6.2.tgz#d1de67b6bef77c41823f822df8f0b3bcff60a5a0"
  integrity sha512-NW8ByodCSNCwZeghjN3o+JX5OFH0Ojg6sadjEKY4huZ52TqbJTJnDo5+Tw98lSy63NZvi4n+ez5m2u5d4PkZyw==
